
Microsoft Visual Studio Solution File, Format Version 12.00
# Visual Studio Version 17
VisualStudioVersion = 17.13.35919.96
MinimumVisualStudioVersion = 10.0.40219.1
Project("{FAE04EC0-301F-11D3-BF4B-00C04F79EFBC}") = "Matchs", "Matchs\Matchs.csproj", "{6AD44988-9A9E-4A3F-A337-5C7112A925EA}"
EndProject
Global
	GlobalSection(SolutionConfigurationPlatforms) = preSolution
		Debug|Any CPU = Debug|Any CPU
		Release|Any CPU = Release|Any CPU
	EndGlobalSection
	GlobalSection(ProjectConfigurationPlatforms) = postSolution
		{6AD44988-9A9E-4A3F-A337-5C7112A925EA}.Debug|Any CPU.ActiveCfg = Debug|Any CPU
		{6AD44988-9A9E-4A3F-A337-5C7112A925EA}.Debug|Any CPU.Build.0 = Debug|Any CPU
		{6AD44988-9A9E-4A3F-A337-5C7112A925EA}.Release|Any CPU.ActiveCfg = Release|Any CPU
		{6AD44988-9A9E-4A3F-A337-5C7112A925EA}.Release|Any CPU.Build.0 = Release|Any CPU
	EndGlobalSection
	GlobalSection(SolutionProperties) = preSolution
		HideSolutionNode = FALSE
	EndGlobalSection
	GlobalSection(ExtensibilityGlobals) = postSolution
		SolutionGuid = {74B7F9EF-7D45-45A7-82E5-03A0E011CDEC}
	EndGlobalSection
EndGlobal
